
Microsoft Visual Studio Solution File, Format Version 12.00
# Visual Studio Version 16
VisualStudioVersion = 16.0.30717.126
MinimumVisualStudioVersion = 10.0.40219.1
Project("{FAE04EC0-301F-11D3-BF4B-00C04F79EFBC}") = "HayCancha.UI", "HayCancha\HayCancha.UI.csproj", "{AD38CBD0-F208-4168-AB45-240BBA8D12AC}"
EndProject
Project("{FAE04EC0-301F-11D3-BF4B-00C04F79EFBC}") = "HayCancha.BLL", "HayCancha.BLL\HayCancha.BLL.csproj", "{789C9E7D-3F18-461B-B6E5-E65EF16C37F9}"
EndProject
Project("{FAE04EC0-301F-11D3-BF4B-00C04F79EFBC}") = "HayCancha.BE", "HayCancha.BE\HayCancha.BE.csproj", "{FF5FD384-7F15-4F3E-9D85-16029FCF4DBF}"
EndProject
Project("{FAE04EC0-301F-11D3-BF4B-00C04F79EFBC}") = "HayCancha.DAL", "HayCancha.DAL\HayCancha.DAL.csproj", "{14B4D225-DB9A-45FB-A314-BB0C77E9823E}"
EndProject
Project("{FAE04EC0-301F-11D3-BF4B-00C04F79EFBC}") = "HayCancha.Servicios", "HayCancha.Servicios\HayCancha.Servicios.csproj", "{25A5B677-DB5F-4F87-A094-322491FEFE69}"
EndProject
Project("{2150E333-8FDC-42A3-9474-1A3956D46DE8}") = "Recursos", "Recursos", "{7548A3F9-E340-492C-8F00-829312592EED}"
	ProjectSection(SolutionItems) = preProject
		Recursos\barra.png = Recursos\barra.png
		Recursos\default.jpg = Recursos\default.jpg
		Recursos\exit.png = Recursos\exit.png
		Recursos\icons8_soccer_ball.ico = Recursos\icons8_soccer_ball.ico
		Recursos\pelota.png = Recursos\pelota.png
	EndProjectSection
EndProject
Project("{2150E333-8FDC-42A3-9474-1A3956D46DE8}") = "Instalador", "Instalador", "{09739B5C-E058-4894-9C39-AD568F9B9CF3}"
EndProject
Project("{54435603-DBB4-11D2-8724-00A0C9A8B90C}") = "HayCancha", "HayCancha\HayCancha.vdproj", "{7B622980-CD68-4D9F-9570-0D8B4D759339}"
EndProject
Global
	GlobalSection(SolutionConfigurationPlatforms) = preSolution
		Debug|Any CPU = Debug|Any CPU
		Release|Any CPU = Release|Any CPU
	EndGlobalSection
	GlobalSection(ProjectConfigurationPlatforms) = postSolution
		{AD38CBD0-F208-4168-AB45-240BBA8D12AC}.Debug|Any CPU.ActiveCfg = Debug|Any CPU
		{AD38CBD0-F208-4168-AB45-240BBA8D12AC}.Debug|Any CPU.Build.0 = Debug|Any CPU
		{AD38CBD0-F208-4168-AB45-240BBA8D12AC}.Release|Any CPU.ActiveCfg = Release|Any CPU
		{AD38CBD0-F208-4168-AB45-240BBA8D12AC}.Release|Any CPU.Build.0 = Release|Any CPU
		{789C9E7D-3F18-461B-B6E5-E65EF16C37F9}.Debug|Any CPU.ActiveCfg = Debug|Any CPU
		{789C9E7D-3F18-461B-B6E5-E65EF16C37F9}.Debug|Any CPU.Build.0 = Debug|Any CPU
		{789C9E7D-3F18-461B-B6E5-E65EF16C37F9}.Release|Any CPU.ActiveCfg = Release|Any CPU
		{789C9E7D-3F18-461B-B6E5-E65EF16C37F9}.Release|Any CPU.Build.0 = Release|Any CPU
		{FF5FD384-7F15-4F3E-9D85-16029FCF4DBF}.Debug|Any CPU.ActiveCfg = Debug|Any CPU
		{FF5FD384-7F15-4F3E-9D85-16029FCF4DBF}.Debug|Any CPU.Build.0 = Debug|Any CPU
		{FF5FD384-7F15-4F3E-9D85-16029FCF4DBF}.Release|Any CPU.ActiveCfg = Release|Any CPU
		{FF5FD384-7F15-4F3E-9D85-16029FCF4DBF}.Release|Any CPU.Build.0 = Release|Any CPU
		{14B4D225-DB9A-45FB-A314-BB0C77E9823E}.Debug|Any CPU.ActiveCfg = Debug|Any CPU
		{14B4D225-DB9A-45FB-A314-BB0C77E9823E}.Debug|Any CPU.Build.0 = Debug|Any CPU
		{14B4D225-DB9A-45FB-A314-BB0C77E9823E}.Release|Any CPU.ActiveCfg = Release|Any CPU
		{14B4D225-DB9A-45FB-A314-BB0C77E9823E}.Release|Any CPU.Build.0 = Release|Any CPU
		{25A5B677-DB5F-4F87-A094-322491FEFE69}.Debug|Any CPU.ActiveCfg = Debug|Any CPU
		{25A5B677-DB5F-4F87-A094-322491FEFE69}.Debug|Any CPU.Build.0 = Debug|Any CPU
		{25A5B677-DB5F-4F87-A094-322491FEFE69}.Release|Any CPU.ActiveCfg = Release|Any CPU
		{25A5B677-DB5F-4F87-A094-322491FEFE69}.Release|Any CPU.Build.0 = Release|Any CPU
		{7B622980-CD68-4D9F-9570-0D8B4D759339}.Debug|Any CPU.ActiveCfg = Debug
		{7B622980-CD68-4D9F-9570-0D8B4D759339}.Release|Any CPU.ActiveCfg = Release
	EndGlobalSection
	GlobalSection(SolutionProperties) = preSolution
		HideSolutionNode = FALSE
	EndGlobalSection
	GlobalSection(NestedProjects) = preSolution
		{7B622980-CD68-4D9F-9570-0D8B4D759339} = {09739B5C-E058-4894-9C39-AD568F9B9CF3}
	EndGlobalSection
	GlobalSection(ExtensibilityGlobals) = postSolution
		SolutionGuid = {6279D9A7-9D66-41DC-9C0A-D8F78767DE67}
	EndGlobalSection
EndGlobal
